{
  "name": "@drmikecrowe/stylelint-config",
  "version": "0.3.0",
  "lockfileVersion": 2,
  "requires": true,
  "packages": {
    "": {
      "name": "@drmikecrowe/stylelint-config",
      "version": "0.3.0",
      "license": "MIT",
      "dependencies": {
        "stylelint-config-standard": "^20.0.0"
      }
    },
    "node_modules/stylelint-config-recommended": {
      "version": "3.0.0",
      "license": "MIT",
      "peerDependencies": {
        "stylelint": ">=10.1.0"
      }
    },
    "node_modules/stylelint-config-standard": {
      "version": "20.0.0",
      "license": "MIT",
      "dependencies": {
        "stylelint-config-recommended": "^3.0.0"
      },
      "peerDependencies": {
        "stylelint": ">=10.1.0"
      }
    }
  },
  "dependencies": {
    "stylelint-config-recommended": {
      "version": "3.0.0",
      "requires": {}
    },
    "stylelint-config-standard": {
      "version": "20.0.0",
      "requires": {
        "stylelint-config-recommended": "^3.0.0"
      }
    }
  }
}
